
Microsoft Visual Studio Solution File, Format Version 12.00
# Visual Studio Version 17
VisualStudioVersion = 17.8.34511.84
MinimumVisualStudioVersion = 10.0.40219.1
Project("{FAE04EC0-301F-11D3-BF4B-00C04F79EFBC}") = "ZeroHungerV2", "ZeroHungerV2\ZeroHungerV2.csproj", "{F9C24AAB-25EB-4F58-A368-FCF1CB03772D}"
EndProject
Global
	GlobalSection(SolutionConfigurationPlatforms) = preSolution
		Debug|Any CPU = Debug|Any CPU
		Release|Any CPU = Release|Any CPU
	EndGlobalSection
	GlobalSection(ProjectConfigurationPlatforms) = postSolution
		{F9C24AAB-25EB-4F58-A368-FCF1CB03772D}.Debug|Any CPU.ActiveCfg = Debug|Any CPU
		{F9C24AAB-25EB-4F58-A368-FCF1CB03772D}.Debug|Any CPU.Build.0 = Debug|Any CPU
		{F9C24AAB-25EB-4F58-A368-FCF1CB03772D}.Release|Any CPU.ActiveCfg = Release|Any CPU
		{F9C24AAB-25EB-4F58-A368-FCF1CB03772D}.Release|Any CPU.Build.0 = Release|Any CPU
	EndGlobalSection
	GlobalSection(SolutionProperties) = preSolution
		HideSolutionNode = FALSE
	EndGlobalSection
	GlobalSection(ExtensibilityGlobals) = postSolution
		SolutionGuid = {05E3D593-0049-460D-AB1C-DABBEB682E77}
	EndGlobalSection
EndGlobal
